
Microsoft Visual Studio Solution File, Format Version 12.00
# Visual Studio Version 17
VisualStudioVersion = 17.6.33829.357
MinimumVisualStudioVersion = 10.0.40219.1
Project("{FAE04EC0-301F-11D3-BF4B-00C04F79EFBC}") = "JobQPractices", "JobQPractices\JobQPractices.csproj", "{768311D7-125B-4F5E-8023-FCCD0F8D932A}"
EndProject
Global
	GlobalSection(SolutionConfigurationPlatforms) = preSolution
		Debug|Any CPU = Debug|Any CPU
		Release|Any CPU = Release|Any CPU
	EndGlobalSection
	GlobalSection(ProjectConfigurationPlatforms) = postSolution
		{768311D7-125B-4F5E-8023-FCCD0F8D932A}.Debug|Any CPU.ActiveCfg = Debug|Any CPU
		{768311D7-125B-4F5E-8023-FCCD0F8D932A}.Debug|Any CPU.Build.0 = Debug|Any CPU
		{768311D7-125B-4F5E-8023-FCCD0F8D932A}.Release|Any CPU.ActiveCfg = Release|Any CPU
		{768311D7-125B-4F5E-8023-FCCD0F8D932A}.Release|Any CPU.Build.0 = Release|Any CPU
	EndGlobalSection
	GlobalSection(SolutionProperties) = preSolution
		HideSolutionNode = FALSE
	EndGlobalSection
	GlobalSection(ExtensibilityGlobals) = postSolution
		SolutionGuid = {FDBD3C80-99DC-4E86-9F0F-04BEF7B3DE5F}
	EndGlobalSection
EndGlobal
